{
  "nodes": {
    "nixpkgs": {
      "locked": {
        "lastModified": 1736036397,
        "narHash": "sha256-8Z547c9eeE/MCwvDqKPud8ovL6tlIXLfaR+jK7NImb8=",
        "owner": "NixOS",
        "repo": "nixpkgs",
        "rev": "beaa880fbe02536b66d5361dd3e61c1abf44155f",
        "type": "github"
      },
      "original": {
        "owner": "NixOS",
        "ref": "release-24.11",
        "repo": "nixpkgs",
        "type": "github"
      }
    },
    "root": {
      "inputs": {
        "nixpkgs": "nixpkgs"
      }
    }
  },
  "root": "root",
  "version": 7
}
